
Microsoft Visual Studio Solution File, Format Version 12.00
# Visual Studio Version 17
VisualStudioVersion = 17.11.35327.3
MinimumVisualStudioVersion = 10.0.40219.1
Project("{FAE04EC0-301F-11D3-BF4B-00C04F79EFBC}") = "TwilioVoipBackend", "TwilioVoipBackend.csproj", "{CFFA296E-D59D-4206-BBFE-66F16A878771}"
EndProject
Global
	GlobalSection(SolutionConfigurationPlatforms) = preSolution
		Debug|Any CPU = Debug|Any CPU
		Release|Any CPU = Release|Any CPU
	EndGlobalSection
	GlobalSection(ProjectConfigurationPlatforms) = postSolution
		{CFFA296E-D59D-4206-BBFE-66F16A878771}.Debug|Any CPU.ActiveCfg = Debug|Any CPU
		{CFFA296E-D59D-4206-BBFE-66F16A878771}.Debug|Any CPU.Build.0 = Debug|Any CPU
		{CFFA296E-D59D-4206-BBFE-66F16A878771}.Release|Any CPU.ActiveCfg = Release|Any CPU
		{CFFA296E-D59D-4206-BBFE-66F16A878771}.Release|Any CPU.Build.0 = Release|Any CPU
	EndGlobalSection
	GlobalSection(SolutionProperties) = preSolution
		HideSolutionNode = FALSE
	EndGlobalSection
	GlobalSection(ExtensibilityGlobals) = postSolution
		SolutionGuid = {E2CA3343-6A0A-415E-9EDF-FF517F06CE33}
	EndGlobalSection
EndGlobal
